// !$*UTF8*$!
{
	archiveVersion = 1;
	classes = {
	};
	objectVersion = 46;
	objects = {

/* Begin PBXBuildFile section */
		511DC66B1EDF03640011B05A /* MoodViewController.swift in Sources */ = {isa = PBXBuildFile; fileRef = 511DC66A1EDF03640011B05A /* MoodViewController.swift */; };
		5122E53A1ED4B35100B7384D /* CircleViewController.swift in Sources */ = {isa = PBXBuildFile; fileRef = 5122E5391ED4B35100B7384D /* CircleViewController.swift */; };
		5122E53C1ED4B59800B7384D /* CircleView.swift in Sources */ = {isa = PBXBuildFile; fileRef = 5122E53B1ED4B59800B7384D /* CircleView.swift */; };
		5140CB1C1E9E41BA00AD6E81 /* SearchInputViewController.swift in Sources */ = {isa = PBXBuildFile; fileRef = 5140CB1B1E9E41BA00AD6E81 /* SearchInputViewController.swift */; };
		5140CB1E1E9E42D900AD6E81 /* EmojiCollectionViewCell.xib in Resources */ = {isa = PBXBuildFile; fileRef = 5140CB1D1E9E42D900AD6E81 /* EmojiCollectionViewCell.xib */; };
		5140CB201E9E42E300AD6E81 /* EmojiCollectionViewCell.swift in Sources */ = {isa = PBXBuildFile; fileRef = 5140CB1F1E9E42E300AD6E81 /* EmojiCollectionViewCell.swift */; };
		5140CB221E9E50FE00AD6E81 /* SearchInputHeader.xib in Resources */ = {isa = PBXBuildFile; fileRef = 5140CB211E9E50FE00AD6E81 /* SearchInputHeader.xib */; };
		5140CB241E9E511F00AD6E81 /* SearchInputHeader.swift in Sources */ = {isa = PBXBuildFile; fileRef = 5140CB231E9E511F00AD6E81 /* SearchInputHeader.swift */; };
		517EAD531EDED30B008C34D3 /* EventTableViewCell.swift in Sources */ = {isa = PBXBuildFile; fileRef = 517EAD521EDED30B008C34D3 /* EventTableViewCell.swift */; };
		517EAD551EDED34A008C34D3 /* EventTableViewCell.xib in Resources */ = {isa = PBXBuildFile; fileRef = 517EAD541EDED34A008C34D3 /* EventTableViewCell.xib */; };
		517EAD571EDEDC09008C34D3 /* EventGraphTableViewCell.xib in Resources */ = {isa = PBXBuildFile; fileRef = 517EAD561EDEDC09008C34D3 /* EventGraphTableViewCell.xib */; };
		517EAD591EDEDC5B008C34D3 /* EventGraphTableViewCell.swift in Sources */ = {isa = PBXBuildFile; fileRef = 517EAD581EDEDC5B008C34D3 /* EventGraphTableViewCell.swift */; };
		517EAD5B1EDEE2AD008C34D3 /* StyleHelper.swift in Sources */ = {isa = PBXBuildFile; fileRef = 517EAD5A1EDEE2AD008C34D3 /* StyleHelper.swift */; };
		517EAD5D1EDEFE0E008C34D3 /* DayViewController.swift in Sources */ = {isa = PBXBuildFile; fileRef = 517EAD5C1EDEFE0E008C34D3 /* DayViewController.swift */; };
		5184443F1EF87E870026C310 /* Logo02_Big@2x.png in Resources */ = {isa = PBXBuildFile; fileRef = 5184443E1EF87E870026C310 /* Logo02_Big@2x.png */; };
		51A093D01EEF0B1200681BB4 /* SoundManager.swift in Sources */ = {isa = PBXBuildFile; fileRef = 51A093CF1EEF0B1200681BB4 /* SoundManager.swift */; };
		51A093D61EEF0B2400681BB4 /* professional-reverse.aiff in Resources */ = {isa = PBXBuildFile; fileRef = 51A093D11EEF0B2400681BB4 /* professional-reverse.aiff */; };
		51A093D71EEF0B2400681BB4 /* professional.aiff in Resources */ = {isa = PBXBuildFile; fileRef = 51A093D21EEF0B2400681BB4 /* professional.aiff */; };
		51A093D81EEF0B2400681BB4 /* rock.aiff in Resources */ = {isa = PBXBuildFile; fileRef = 51A093D31EEF0B2400681BB4 /* rock.aiff */; };
		51A093D91EEF0B2400681BB4 /* simple.aiff in Resources */ = {isa = PBXBuildFile; fileRef = 51A093D41EEF0B2400681BB4 /* simple.aiff */; };
		51A093DA1EEF0B2400681BB4 /* slide-paper.aiff in Resources */ = {isa = PBXBuildFile; fileRef = 51A093D51EEF0B2400681BB4 /* slide-paper.aiff */; };
		51D0E9191E894D9A0034458F /* AppDelegate.swift in Sources */ = {isa = PBXBuildFile; fileRef = 51D0E9181E894D9A0034458F /* AppDelegate.swift */; };
		51D0E91B1E894D9A0034458F /* ViewController.swift in Sources */ = {isa = PBXBuildFile; fileRef = 51D0E91A1E894D9A0034458F /* ViewController.swift */; };
		51D0E91E1E894D9A0034458F /* Main.storyboard in Resources */ = {isa = PBXBuildFile; fileRef = 51D0E91C1E894D9A0034458F /* Main.storyboard */; };
		51D0E9211E894D9A0034458F /* MoodTrackingApp.xcdatamodeld in Sources */ = {isa = PBXBuildFile; fileRef = 51D0E91F1E894D9A0034458F /* MoodTrackingApp.xcdatamodeld */; };
		51D0E9231E894D9A0034458F /* Assets.xcassets in Resources */ = {isa = PBXBuildFile; fileRef = 51D0E9221E894D9A0034458F /* Assets.xcassets */; };
		51D0E9261E894D9A0034458F /* LaunchScreen.storyboard in Resources */ = {isa = PBXBuildFile; fileRef = 51D0E9241E894D9A0034458F /* LaunchScreen.storyboard */; };
		51D0E9311E894D9A0034458F /* MoodTrackingAppTests.swift in Sources */ = {isa = PBXBuildFile; fileRef = 51D0E9301E894D9A0034458F /* MoodTrackingAppTests.swift */; };
		51D0E93C1E894D9A0034458F /* MoodTrackingAppUITests.swift in Sources */ = {isa = PBXBuildFile; fileRef = 51D0E93B1E894D9A0034458F /* MoodTrackingAppUITests.swift */; };
		51D0E94A1E894DB30034458F /* DataStore.swift in Sources */ = {isa = PBXBuildFile; fileRef = 51D0E9491E894DB30034458F /* DataStore.swift */; };
		51D0E9501E8954C40034458F /* DataFormatter.swift in Sources */ = {isa = PBXBuildFile; fileRef = 51D0E94F1E8954C40034458F /* DataFormatter.swift */; };
		51D0E9521E896F880034458F /* GraphView.swift in Sources */ = {isa = PBXBuildFile; fileRef = 51D0E9511E896F880034458F /* GraphView.swift */; };
		51DE6E8E1E902A7F00B9FA95 /* UserNotifications.framework in Frameworks */ = {isa = PBXBuildFile; fileRef = 51DE6E8D1E902A7F00B9FA95 /* UserNotifications.framework */; };
		51DF20151EF806C600FD0BF7 /* SettingsViewController.swift in Sources */ = {isa = PBXBuildFile; fileRef = 51DF20141EF806C600FD0BF7 /* SettingsViewController.swift */; };
		51DF20171EF8136D00FD0BF7 /* SettingsHelper.swift in Sources */ = {isa = PBXBuildFile; fileRef = 51DF20161EF8136D00FD0BF7 /* SettingsHelper.swift */; };
		51DF20191EF81C5A00FD0BF7 /* DataAnalyser.swift in Sources */ = {isa = PBXBuildFile; fileRef = 51DF20181EF81C5A00FD0BF7 /* DataAnalyser.swift */; };
		51DF201B1EF8293E00FD0BF7 /* DataAnalysisViewController.swift in Sources */ = {isa = PBXBuildFile; fileRef = 51DF201A1EF8293E00FD0BF7 /* DataAnalysisViewController.swift */; };
		51EDDEE61EEA147A00C39A98 /* 66_Gear@2x.png in Resources */ = {isa = PBXBuildFile; fileRef = 51EDDEE51EEA147A00C39A98 /* 66_Gear@2x.png */; };
		51EDDEE81EEA36A300C39A98 /* DatePickerViewController.swift in Sources */ = {isa = PBXBuildFile; fileRef = 51EDDEE71EEA36A300C39A98 /* DatePickerViewController.swift */; };
/* End PBXBuildFile section */

/* Begin PBXContainerItemProxy section */
		51D0E92D1E894D9A0034458F /* PBXContainerItemProxy */ = {
			isa = PBXContainerItemProxy;
			containerPortal = 51D0E90D1E894D9A0034458F /* Project object */;
			proxyType = 1;
			remoteGlobalIDString = 51D0E9141E894D9A0034458F;
			remoteInfo = MoodTrackingApp;
		};
		51D0E9381E894D9A0034458F /* PBXContainerItemProxy */ = {
			isa = PBXContainerItemProxy;
			containerPortal = 51D0E90D1E894D9A0034458F /* Project object */;
			proxyType = 1;
			remoteGlobalIDString = 51D0E9141E894D9A0034458F;
			remoteInfo = MoodTrackingApp;
		};
/* End PBXContainerItemProxy section */

/* Begin PBXFileReference section */
		51102EEA1E8EEAA900B3EFD3 /* MoodTrackingApp 2.xcdatamodel */ = {isa = PBXFileReference; lastKnownFileType = wrapper.xcdatamodel; path = "MoodTrackingApp 2.xcdatamodel"; sourceTree = "<group>"; };
		511DC66A1EDF03640011B05A /* MoodViewController.swift */ = {isa = PBXFileReference; fileEncoding = 4; lastKnownFileType = sourcecode.swift; path = MoodViewController.swift; sourceTree = "<group>"; };
		5122E5391ED4B35100B7384D /* CircleViewController.swift */ = {isa = PBXFileReference; fileEncoding = 4; lastKnownFileType = sourcecode.swift; path = CircleViewController.swift; sourceTree = "<group>"; };
		5122E53B1ED4B59800B7384D /* CircleView.swift */ = {isa = PBXFileReference; fileEncoding = 4; lastKnownFileType = sourcecode.swift; path = CircleView.swift; sourceTree = "<group>"; };
		5140CB1B1E9E41BA00AD6E81 /* SearchInputViewController.swift */ = {isa = PBXFileReference; fileEncoding = 4; lastKnownFileType = sourcecode.swift; path = SearchInputViewController.swift; sourceTree = "<group>"; };
		5140CB1D1E9E42D900AD6E81 /* EmojiCollectionViewCell.xib */ = {isa = PBXFileReference; fileEncoding = 4; lastKnownFileType = file.xib; path = EmojiCollectionViewCell.xib; sourceTree = "<group>"; };
		5140CB1F1E9E42E300AD6E81 /* EmojiCollectionViewCell.swift */ = {isa = PBXFileReference; fileEncoding = 4; lastKnownFileType = sourcecode.swift; path = EmojiCollectionViewCell.swift; sourceTree = "<group>"; };
		5140CB211E9E50FE00AD6E81 /* SearchInputHeader.xib */ = {isa = PBXFileReference; fileEncoding = 4; lastKnownFileType = file.xib; path = SearchInputHeader.xib; sourceTree = "<group>"; };
		5140CB231E9E511F00AD6E81 /* SearchInputHeader.swift */ = {isa = PBXFileReference; fileEncoding = 4; lastKnownFileType = sourcecode.swift; path = SearchInputHeader.swift; sourceTree = "<group>"; };
		517EAD521EDED30B008C34D3 /* EventTableViewCell.swift */ = {isa = PBXFileReference; fileEncoding = 4; lastKnownFileType = sourcecode.swift; path = EventTableViewCell.swift; sourceTree = "<group>"; };
		517EAD541EDED34A008C34D3 /* EventTableViewCell.xib */ = {isa = PBXFileReference; fileEncoding = 4; lastKnownFileType = file.xib; path = EventTableViewCell.xib; sourceTree = "<group>"; };
		517EAD561EDEDC09008C34D3 /* EventGraphTableViewCell.xib */ = {isa = PBXFileReference; fileEncoding = 4; lastKnownFileType = file.xib; path = EventGraphTableViewCell.xib; sourceTree = "<group>"; };
		517EAD581EDEDC5B008C34D3 /* EventGraphTableViewCell.swift */ = {isa = PBXFileReference; fileEncoding = 4; lastKnownFileType = sourcecode.swift; path = EventGraphTableViewCell.swift; sourceTree = "<group>"; };
		517EAD5A1EDEE2AD008C34D3 /* StyleHelper.swift */ = {isa = PBXFileReference; fileEncoding = 4; lastKnownFileType = sourcecode.swift; path = StyleHelper.swift; sourceTree = "<group>"; };
		517EAD5C1EDEFE0E008C34D3 /* DayViewController.swift */ = {isa = PBXFileReference; fileEncoding = 4; lastKnownFileType = sourcecode.swift; path = DayViewController.swift; sourceTree = "<group>"; };
		5184443E1EF87E870026C310 /* Logo02_Big@2x.png */ = {isa = PBXFileReference; lastKnownFileType = image.png; path = "Logo02_Big@2x.png"; sourceTree = "<group>"; };
		51A093CF1EEF0B1200681BB4 /* SoundManager.swift */ = {isa = PBXFileReference; fileEncoding = 4; lastKnownFileType = sourcecode.swift; path = SoundManager.swift; sourceTree = "<group>"; };
		51A093D11EEF0B2400681BB4 /* professional-reverse.aiff */ = {isa = PBXFileReference; lastKnownFileType = audio.aiff; path = "professional-reverse.aiff"; sourceTree = "<group>"; };
		51A093D21EEF0B2400681BB4 /* professional.aiff */ = {isa = PBXFileReference; lastKnownFileType = audio.aiff; path = professional.aiff; sourceTree = "<group>"; };
		51A093D31EEF0B2400681BB4 /* rock.aiff */ = {isa = PBXFileReference; lastKnownFileType = audio.aiff; path = rock.aiff; sourceTree = "<group>"; };
		51A093D41EEF0B2400681BB4 /* simple.aiff */ = {isa = PBXFileReference; lastKnownFileType = audio.aiff; path = simple.aiff; sourceTree = "<group>"; };
		51A093D51EEF0B2400681BB4 /* slide-paper.aiff */ = {isa = PBXFileReference; lastKnownFileType = audio.aiff; path = "slide-paper.aiff"; sourceTree = "<group>"; };
		51D0E9151E894D9A0034458F /* MoodTrackingApp.app */ = {isa = PBXFileReference; explicitFileType = wrapper.application; includeInIndex = 0; path = MoodTrackingApp.app; sourceTree = BUILT_PRODUCTS_DIR; };
		51D0E9181E894D9A0034458F /* AppDelegate.swift */ = {isa = PBXFileReference; lastKnownFileType = sourcecode.swift; path = AppDelegate.swift; sourceTree = "<group>"; };
		51D0E91A1E894D9A0034458F /* ViewController.swift */ = {isa = PBXFileReference; lastKnownFileType = sourcecode.swift; path = ViewController.swift; sourceTree = "<group>"; };
		51D0E91D1E894D9A0034458F /* Base */ = {isa = PBXFileReference; lastKnownFileType = file.storyboard; name = Base; path = Base.lproj/Main.storyboard; sourceTree = "<group>"; };
		51D0E9201E894D9A0034458F /* MoodTrackingApp.xcdatamodel */ = {isa = PBXFileReference; lastKnownFileType = wrapper.xcdatamodel; path = MoodTrackingApp.xcdatamodel; sourceTree = "<group>"; };
		51D0E9221E894D9A0034458F /* Assets.xcassets */ = {isa = PBXFileReference; lastKnownFileType = folder.assetcatalog; path = Assets.xcassets; sourceTree = "<group>"; };
		51D0E9251E894D9A0034458F /* Base */ = {isa = PBXFileReference; lastKnownFileType = file.storyboard; name = Base; path = Base.lproj/LaunchScreen.storyboard; sourceTree = "<group>"; };
		51D0E9271E894D9A0034458F /* Info.plist */ = {isa = PBXFileReference; lastKnownFileType = text.plist.xml; path = Info.plist; sourceTree = "<group>"; };
		51D0E92C1E894D9A0034458F /* MoodTrackingAppTests.xctest */ = {isa = PBXFileReference; explicitFileType = wrapper.cfbundle; includeInIndex = 0; path = MoodTrackingAppTests.xctest; sourceTree = BUILT_PRODUCTS_DIR; };
		51D0E9301E894D9A0034458F /* MoodTrackingAppTests.swift */ = {isa = PBXFileReference; lastKnownFileType = sourcecode.swift; path = MoodTrackingAppTests.swift; sourceTree = "<group>"; };
		51D0E9321E894D9A0034458F /* Info.plist */ = {isa = PBXFileReference; lastKnownFileType = text.plist.xml; path = Info.plist; sourceTree = "<group>"; };
		51D0E9371E894D9A0034458F /* MoodTrackingAppUITests.xctest */ = {isa = PBXFileReference; explicitFileType = wrapper.cfbundle; includeInIndex = 0; path = MoodTrackingAppUITests.xctest; sourceTree = BUILT_PRODUCTS_DIR; };
		51D0E93B1E894D9A0034458F /* MoodTrackingAppUITests.swift */ = {isa = PBXFileReference; lastKnownFileType = sourcecode.swift; path = MoodTrackingAppUITests.swift; sourceTree = "<group>"; };
		51D0E93D1E894D9A0034458F /* Info.plist */ = {isa = PBXFileReference; lastKnownFileType = text.plist.xml; path = Info.plist; sourceTree = "<group>"; };
		51D0E9491E894DB30034458F /* DataStore.swift */ = {isa = PBXFileReference; fileEncoding = 4; lastKnownFileType = sourcecode.swift; path = DataStore.swift; sourceTree = "<group>"; };
		51D0E94F1E8954C40034458F /* DataFormatter.swift */ = {isa = PBXFileReference; fileEncoding = 4; lastKnownFileType = sourcecode.swift; path = DataFormatter.swift; sourceTree = "<group>"; };
		51D0E9511E896F880034458F /* GraphView.swift */ = {isa = PBXFileReference; fileEncoding = 4; lastKnownFileType = sourcecode.swift; path = GraphView.swift; sourceTree = "<group>"; };
		51DE6E8B1E90194F00B9FA95 /* MoodTrackingApp 3.xcdatamodel */ = {isa = PBXFileReference; lastKnownFileType = wrapper.xcdatamodel; path = "MoodTrackingApp 3.xcdatamodel"; sourceTree = "<group>"; };
		51DE6E8D1E902A7F00B9FA95 /* UserNotifications.framework */ = {isa = PBXFileReference; lastKnownFileType = wrapper.framework; name = UserNotifications.framework; path = System/Library/Frameworks/UserNotifications.framework; sourceTree = SDKROOT; };
		51DF20141EF806C600FD0BF7 /* SettingsViewController.swift */ = {isa = PBXFileReference; fileEncoding = 4; lastKnownFileType = sourcecode.swift; path = SettingsViewController.swift; sourceTree = "<group>"; };
		51DF20161EF8136D00FD0BF7 /* SettingsHelper.swift */ = {isa = PBXFileReference; fileEncoding = 4; lastKnownFileType = sourcecode.swift; path = SettingsHelper.swift; sourceTree = "<group>"; };
		51DF20181EF81C5A00FD0BF7 /* DataAnalyser.swift */ = {isa = PBXFileReference; fileEncoding = 4; lastKnownFileType = sourcecode.swift; path = DataAnalyser.swift; sourceTree = "<group>"; };
		51DF201A1EF8293E00FD0BF7 /* DataAnalysisViewController.swift */ = {isa = PBXFileReference; fileEncoding = 4; lastKnownFileType = sourcecode.swift; path = DataAnalysisViewController.swift; sourceTree = "<group>"; };
		51EDDEE51EEA147A00C39A98 /* 66_Gear@2x.png */ = {isa = PBXFileReference; lastKnownFileType = image.png; path = "66_Gear@2x.png"; sourceTree = "<group>"; };
		51EDDEE71EEA36A300C39A98 /* DatePickerViewController.swift */ = {isa = PBXFileReference; fileEncoding = 4; lastKnownFileType = sourcecode.swift; path = DatePickerViewController.swift; sourceTree = "<group>"; };
/* End PBXFileReference section */

/* Begin PBXFrameworksBuildPhase section */
		51D0E9121E894D9A0034458F /* Frameworks */ = {
			isa = PBXFrameworksBuildPhase;
			buildActionMask = 2147483647;
			files = (
				51DE6E8E1E902A7F00B9FA95 /* UserNotifications.framework in Frameworks */,
			);
			runOnlyForDeploymentPostprocessing = 0;
		};
		51D0E9291E894D9A0034458F /* Frameworks */ = {
			isa = PBXFrameworksBuildPhase;
			buildActionMask = 2147483647;
			files = (
			);
			runOnlyForDeploymentPostprocessing = 0;
		};
		51D0E9341E894D9A0034458F /* Frameworks */ = {
			isa = PBXFrameworksBuildPhase;
			buildActionMask = 2147483647;
			files = (
			);
			runOnlyForDeploymentPostprocessing = 0;
		};
/* End PBXFrameworksBuildPhase section */

/* Begin PBXGroup section */
		51D0E90C1E894D9A0034458F = {
			isa = PBXGroup;
			children = (
				51D0E9171E894D9A0034458F /* MoodTrackingApp */,
				51D0E92F1E894D9A0034458F /* MoodTrackingAppTests */,
				51D0E93A1E894D9A0034458F /* MoodTrackingAppUITests */,
				51D0E9161E894D9A0034458F /* Products */,
				51DE6E8C1E902A7F00B9FA95 /* Frameworks */,
			);
			sourceTree = "<group>";
		};
		51D0E9161E894D9A0034458F /* Products */ = {
			isa = PBXGroup;
			children = (
				51D0E9151E894D9A0034458F /* MoodTrackingApp.app */,
				51D0E92C1E894D9A0034458F /* MoodTrackingAppTests.xctest */,
				51D0E9371E894D9A0034458F /* MoodTrackingAppUITests.xctest */,
			);
			name = Products;
			sourceTree = "<group>";
		};
		51D0E9171E894D9A0034458F /* MoodTrackingApp */ = {
			isa = PBXGroup;
			children = (
				51D0E9181E894D9A0034458F /* AppDelegate.swift */,
				511DC66A1EDF03640011B05A /* MoodViewController.swift */,
				51D0E91A1E894D9A0034458F /* ViewController.swift */,
				517EAD5C1EDEFE0E008C34D3 /* DayViewController.swift */,
				51DF20141EF806C600FD0BF7 /* SettingsViewController.swift */,
				51DF20161EF8136D00FD0BF7 /* SettingsHelper.swift */,
				51EDDEE71EEA36A300C39A98 /* DatePickerViewController.swift */,
				51DF201A1EF8293E00FD0BF7 /* DataAnalysisViewController.swift */,
				517EAD5A1EDEE2AD008C34D3 /* StyleHelper.swift */,
				51A093CF1EEF0B1200681BB4 /* SoundManager.swift */,
				51D0E9491E894DB30034458F /* DataStore.swift */,
				51A093D11EEF0B2400681BB4 /* professional-reverse.aiff */,
				51DF20181EF81C5A00FD0BF7 /* DataAnalyser.swift */,
				51A093D21EEF0B2400681BB4 /* professional.aiff */,
				51A093D31EEF0B2400681BB4 /* rock.aiff */,
				51A093D41EEF0B2400681BB4 /* simple.aiff */,
				51A093D51EEF0B2400681BB4 /* slide-paper.aiff */,
				51D0E91C1E894D9A0034458F /* Main.storyboard */,
				51D0E94F1E8954C40034458F /* DataFormatter.swift */,
				5140CB1B1E9E41BA00AD6E81 /* SearchInputViewController.swift */,
				5140CB1F1E9E42E300AD6E81 /* EmojiCollectionViewCell.swift */,
				5122E5391ED4B35100B7384D /* CircleViewController.swift */,
				5122E53B1ED4B59800B7384D /* CircleView.swift */,
				517EAD521EDED30B008C34D3 /* EventTableViewCell.swift */,
				517EAD541EDED34A008C34D3 /* EventTableViewCell.xib */,
				5140CB1D1E9E42D900AD6E81 /* EmojiCollectionViewCell.xib */,
				517EAD581EDEDC5B008C34D3 /* EventGraphTableViewCell.swift */,
				517EAD561EDEDC09008C34D3 /* EventGraphTableViewCell.xib */,
				51D0E9511E896F880034458F /* GraphView.swift */,
				5140CB231E9E511F00AD6E81 /* SearchInputHeader.swift */,
				51EDDEE51EEA147A00C39A98 /* 66_Gear@2x.png */,
				5140CB211E9E50FE00AD6E81 /* SearchInputHeader.xib */,
				5184443E1EF87E870026C310 /* Logo02_Big@2x.png */,
				51D0E9221E894D9A0034458F /* Assets.xcassets */,
				51D0E9241E894D9A0034458F /* LaunchScreen.storyboard */,
				51D0E9271E894D9A0034458F /* Info.plist */,
				51D0E91F1E894D9A0034458F /* MoodTrackingApp.xcdatamodeld */,
			);
			path = MoodTrackingApp;
			sourceTree = "<group>";
		};
		51D0E92F1E894D9A0034458F /* MoodTrackingAppTests */ = {
			isa = PBXGroup;
			children = (
				51D0E9301E894D9A0034458F /* MoodTrackingAppTests.swift */,
				51D0E9321E894D9A0034458F /* Info.plist */,
			);
			path = MoodTrackingAppTests;
			sourceTree = "<group>";
		};
		51D0E93A1E894D9A0034458F /* MoodTrackingAppUITests */ = {
			isa = PBXGroup;
			children = (
				51D0E93B1E894D9A0034458F /* MoodTrackingAppUITests.swift */,
				51D0E93D1E894D9A0034458F /* Info.plist */,
			);
			path = MoodTrackingAppUITests;
			sourceTree = "<group>";
		};
		51DE6E8C1E902A7F00B9FA95 /* Frameworks */ = {
			isa = PBXGroup;
			children = (
				51DE6E8D1E902A7F00B9FA95 /* UserNotifications.framework */,
			);
			name = Frameworks;
			sourceTree = "<group>";
		};
/* End PBXGroup section */

/* Begin PBXNativeTarget section */
		51D0E9141E894D9A0034458F /* MoodTrackingApp */ = {
			isa = PBXNativeTarget;
			buildConfigurationList = 51D0E9401E894D9A0034458F /* Build configuration list for PBXNativeTarget "MoodTrackingApp" */;
			buildPhases = (
				51D0E9111E894D9A0034458F /* Sources */,
				51D0E9121E894D9A0034458F /* Frameworks */,
				51D0E9131E894D9A0034458F /* Resources */,
			);
			buildRules = (
			);
			dependencies = (
			);
			name = MoodTrackingApp;
			productName = MoodTrackingApp;
			productReference = 51D0E9151E894D9A0034458F /* MoodTrackingApp.app */;
			productType = "com.apple.product-type.application";
		};
		51D0E92B1E894D9A0034458F /* MoodTrackingAppTests */ = {
			isa = PBXNativeTarget;
			buildConfigurationList = 51D0E9431E894D9A0034458F /* Build configuration list for PBXNativeTarget "MoodTrackingAppTests" */;
			buildPhases = (
				51D0E9281E894D9A0034458F /* Sources */,
				51D0E9291E894D9A0034458F /* Frameworks */,
				51D0E92A1E894D9A0034458F /* Resources */,
			);
			buildRules = (
			);
			dependencies = (
				51D0E92E1E894D9A0034458F /* PBXTargetDependency */,
			);
			name = MoodTrackingAppTests;
			productName = MoodTrackingAppTests;
			productReference = 51D0E92C1E894D9A0034458F /* MoodTrackingAppTests.xctest */;
			productType = "com.apple.product-type.bundle.unit-test";
		};
		51D0E9361E894D9A0034458F /* MoodTrackingAppUITests */ = {
			isa = PBXNativeTarget;
			buildConfigurationList = 51D0E9461E894D9A0034458F /* Build configuration list for PBXNativeTarget "MoodTrackingAppUITests" */;
			buildPhases = (
				51D0E9331E894D9A0034458F /* Sources */,
				51D0E9341E894D9A0034458F /* Frameworks */,
				51D0E9351E894D9A0034458F /* Resources */,
			);
			buildRules = (
			);
			dependencies = (
				51D0E9391E894D9A0034458F /* PBXTargetDependency */,
			);
			name = MoodTrackingAppUITests;
			productName = MoodTrackingAppUITests;
			productReference = 51D0E9371E894D9A0034458F /* MoodTrackingAppUITests.xctest */;
			productType = "com.apple.product-type.bundle.ui-testing";
		};
/* End PBXNativeTarget section */

/* Begin PBXProject section */
		51D0E90D1E894D9A0034458F /* Project object */ = {
			isa = PBXProject;
			attributes = {
				LastSwiftUpdateCheck = 0820;
				LastUpgradeCheck = 0820;
				ORGANIZATIONNAME = "Andrew J Clark";
				TargetAttributes = {
					51D0E9141E894D9A0034458F = {
						CreatedOnToolsVersion = 8.2.1;
						DevelopmentTeam = C583RN882K;
						ProvisioningStyle = Automatic;
					};
					51D0E92B1E894D9A0034458F = {
						CreatedOnToolsVersion = 8.2.1;
						DevelopmentTeam = C583RN882K;
						ProvisioningStyle = Automatic;
						TestTargetID = 51D0E9141E894D9A0034458F;
					};
					51D0E9361E894D9A0034458F = {
						CreatedOnToolsVersion = 8.2.1;
						DevelopmentTeam = C583RN882K;
						ProvisioningStyle = Automatic;
						TestTargetID = 51D0E9141E894D9A0034458F;
					};
				};
			};
			buildConfigurationList = 51D0E9101E894D9A0034458F /* Build configuration list for PBXProject "MoodTrackingApp" */;
			compatibilityVersion = "Xcode 3.2";
			developmentRegion = English;
			hasScannedForEncodings = 0;
			knownRegions = (
				en,
				Base,
			);
			mainGroup = 51D0E90C1E894D9A0034458F;
			productRefGroup = 51D0E9161E894D9A0034458F /* Products */;
			projectDirPath = "";
			projectRoot = "";
			targets = (
				51D0E9141E894D9A0034458F /* MoodTrackingApp */,
				51D0E92B1E894D9A0034458F /* MoodTrackingAppTests */,
				51D0E9361E894D9A0034458F /* MoodTrackingAppUITests */,
			);
		};
/* End PBXProject section */

/* Begin PBXResourcesBuildPhase section */
		51D0E9131E894D9A0034458F /* Resources */ = {
			isa = PBXResourcesBuildPhase;
			buildActionMask = 2147483647;
			files = (
				51A093DA1EEF0B2400681BB4 /* slide-paper.aiff in Resources */,
				51A093D71EEF0B2400681BB4 /* professional.aiff in Resources */,
				51A093D81EEF0B2400681BB4 /* rock.aiff in Resources */,
				517EAD551EDED34A008C34D3 /* EventTableViewCell.xib in Resources */,
				51D0E9261E894D9A0034458F /* LaunchScreen.storyboard in Resources */,
				51D0E9231E894D9A0034458F /* Assets.xcassets in Resources */,
				51A093D91EEF0B2400681BB4 /* simple.aiff in Resources */,
				51D0E91E1E894D9A0034458F /* Main.storyboard in Resources */,
				5140CB221E9E50FE00AD6E81 /* SearchInputHeader.xib in Resources */,
				51EDDEE61EEA147A00C39A98 /* 66_Gear@2x.png in Resources */,
				5140CB1E1E9E42D900AD6E81 /* EmojiCollectionViewCell.xib in Resources */,
				5184443F1EF87E870026C310 /* Logo02_Big@2x.png in Resources */,
				51A093D61EEF0B2400681BB4 /* professional-reverse.aiff in Resources */,
				517EAD571EDEDC09008C34D3 /* EventGraphTableViewCell.xib in Resources */,
			);
			runOnlyForDeploymentPostprocessing = 0;
		};
		51D0E92A1E894D9A0034458F /* Resources */ = {
			isa = PBXResourcesBuildPhase;
			buildActionMask = 2147483647;
			files = (
			);
			runOnlyForDeploymentPostprocessing = 0;
		};
		51D0E9351E894D9A0034458F /* Resources */ = {
			isa = PBXResourcesBuildPhase;
			buildActionMask = 2147483647;
			files = (
			);
			runOnlyForDeploymentPostprocessing = 0;
		};
/* End PBXResourcesBuildPhase section */

/* Begin PBXSourcesBuildPhase section */
		51D0E9111E894D9A0034458F /* Sources */ = {
			isa = PBXSourcesBuildPhase;
			buildActionMask = 2147483647;
			files = (
				517EAD531EDED30B008C34D3 /* EventTableViewCell.swift in Sources */,
				511DC66B1EDF03640011B05A /* MoodViewController.swift in Sources */,
				517EAD5B1EDEE2AD008C34D3 /* StyleHelper.swift in Sources */,
				51D0E91B1E894D9A0034458F /* ViewController.swift in Sources */,
				51D0E9501E8954C40034458F /* DataFormatter.swift in Sources */,
				51DF20151EF806C600FD0BF7 /* SettingsViewController.swift in Sources */,
				51DF201B1EF8293E00FD0BF7 /* DataAnalysisViewController.swift in Sources */,
				5122E53A1ED4B35100B7384D /* CircleViewController.swift in Sources */,
				5140CB241E9E511F00AD6E81 /* SearchInputHeader.swift in Sources */,
				5140CB1C1E9E41BA00AD6E81 /* SearchInputViewController.swift in Sources */,
				5140CB201E9E42E300AD6E81 /* EmojiCollectionViewCell.swift in Sources */,
				5122E53C1ED4B59800B7384D /* CircleView.swift in Sources */,
				51DF20191EF81C5A00FD0BF7 /* DataAnalyser.swift in Sources */,
				51D0E94A1E894DB30034458F /* DataStore.swift in Sources */,
				51D0E9191E894D9A0034458F /* AppDelegate.swift in Sources */,
				51EDDEE81EEA36A300C39A98 /* DatePickerViewController.swift in Sources */,
				517EAD5D1EDEFE0E008C34D3 /* DayViewController.swift in Sources */,
				51D0E9211E894D9A0034458F /* MoodTrackingApp.xcdatamodeld in Sources */,
				51DF20171EF8136D00FD0BF7 /* SettingsHelper.swift in Sources */,
				517EAD591EDEDC5B008C34D3 /* EventGraphTableViewCell.swift in Sources */,
				51D0E9521E896F880034458F /* GraphView.swift in Sources */,
				51A093D01EEF0B1200681BB4 /* SoundManager.swift in Sources */,
			);
			runOnlyForDeploymentPostprocessing = 0;
		};
		51D0E9281E894D9A0034458F /* Sources */ = {
			isa = PBXSourcesBuildPhase;
			buildActionMask = 2147483647;
			files = (
				51D0E9311E894D9A0034458F /* MoodTrackingAppTests.swift in Sources */,
			);
			runOnlyForDeploymentPostprocessing = 0;
		};
		51D0E9331E894D9A0034458F /* Sources */ = {
			isa = PBXSourcesBuildPhase;
			buildActionMask = 2147483647;
			files = (
				51D0E93C1E894D9A0034458F /* MoodTrackingAppUITests.swift in Sources */,
			);
			runOnlyForDeploymentPostprocessing = 0;
		};
/* End PBXSourcesBuildPhase section */

/* Begin PBXTargetDependency section */
		51D0E92E1E894D9A0034458F /* PBXTargetDependency */ = {
			isa = PBXTargetDependency;
			target = 51D0E9141E894D9A0034458F /* MoodTrackingApp */;
			targetProxy = 51D0E92D1E894D9A0034458F /* PBXContainerItemProxy */;
		};
		51D0E9391E894D9A0034458F /* PBXTargetDependency */ = {
			isa = PBXTargetDependency;
			target = 51D0E9141E894D9A0034458F /* MoodTrackingApp */;
			targetProxy = 51D0E9381E894D9A0034458F /* PBXContainerItemProxy */;
		};
/* End PBXTargetDependency section */

/* Begin PBXVariantGroup section */
		51D0E91C1E894D9A0034458F /* Main.storyboard */ = {
			isa = PBXVariantGroup;
			children = (
				51D0E91D1E894D9A0034458F /* Base */,
			);
			name = Main.storyboard;
			sourceTree = "<group>";
		};
		51D0E9241E894D9A0034458F /* LaunchScreen.storyboard */ = {
			isa = PBXVariantGroup;
			children = (
				51D0E9251E894D9A0034458F /* Base */,
			);
			name = LaunchScreen.storyboard;
			sourceTree = "<group>";
		};
/* End PBXVariantGroup section */

/* Begin XCBuildConfiguration section */
		51D0E93E1E894D9A0034458F /* Debug */ = {
			isa = XCBuildConfiguration;
			buildSettings = {
				ALWAYS_SEARCH_USER_PATHS = NO;
				CLANG_ANALYZER_NONNULL = YES;
				CLANG_CXX_LANGUAGE_STANDARD = "gnu++0x";
				CLANG_CXX_LIBRARY = "libc++";
				CLANG_ENABLE_MODULES = YES;
				CLANG_ENABLE_OBJC_ARC = YES;
				CLANG_WARN_BOOL_CONVERSION = YES;
				CLANG_WARN_CONSTANT_CONVERSION = YES;
				CLANG_WARN_DIRECT_OBJC_ISA_USAGE = YES_ERROR;
				CLANG_WARN_DOCUMENTATION_COMMENTS = YES;
				CLANG_WARN_EMPTY_BODY = YES;
				CLANG_WARN_ENUM_CONVERSION = YES;
				CLANG_WARN_INFINITE_RECURSION = YES;
				CLANG_WARN_INT_CONVERSION = YES;
				CLANG_WARN_OBJC_ROOT_CLASS = YES_ERROR;
				CLANG_WARN_SUSPICIOUS_MOVE = YES;
				CLANG_WARN_UNREACHABLE_CODE = YES;
				CLANG_WARN__DUPLICATE_METHOD_MATCH = YES;
				"CODE_SIGN_IDENTITY[sdk=iphoneos*]" = "iPhone Developer";
				COPY_PHASE_STRIP = NO;
				DEBUG_INFORMATION_FORMAT = dwarf;
				ENABLE_STRICT_OBJC_MSGSEND = YES;
				ENABLE_TESTABILITY = YES;
				GCC_C_LANGUAGE_STANDARD = gnu99;
				GCC_DYNAMIC_NO_PIC = NO;
				GCC_NO_COMMON_BLOCKS = YES;
				GCC_OPTIMIZATION_LEVEL = 0;
				GCC_PREPROCESSOR_DEFINITIONS = (
					"DEBUG=1",
					"$(inherited)",
				);
				GCC_WARN_64_TO_32_BIT_CONVERSION = YES;
				GCC_WARN_ABOUT_RETURN_TYPE = YES_ERROR;
				GCC_WARN_UNDECLARED_SELECTOR = YES;
				GCC_WARN_UNINITIALIZED_AUTOS = YES_AGGRESSIVE;
				GCC_WARN_UNUSED_FUNCTION = YES;
				GCC_WARN_UNUSED_VARIABLE = YES;
				IPHONEOS_DEPLOYMENT_TARGET = 10.2;
				MTL_ENABLE_DEBUG_INFO = YES;
				ONLY_ACTIVE_ARCH = YES;
				SDKROOT = iphoneos;
				SWIFT_ACTIVE_COMPILATION_CONDITIONS = DEBUG;
				SWIFT_OPTIMIZATION_LEVEL = "-Onone";
			};
			name = Debug;
		};
		51D0E93F1E894D9A0034458F /* Release */ = {
			isa = XCBuildConfiguration;
			buildSettings = {
				ALWAYS_SEARCH_USER_PATHS = NO;
				CLANG_ANALYZER_NONNULL = YES;
				CLANG_CXX_LANGUAGE_STANDARD = "gnu++0x";
				CLANG_CXX_LIBRARY = "libc++";
				CLANG_ENABLE_MODULES = YES;
				CLANG_ENABLE_OBJC_ARC = YES;
				CLANG_WARN_BOOL_CONVERSION = YES;
				CLANG_WARN_CONSTANT_CONVERSION = YES;
				CLANG_WARN_DIRECT_OBJC_ISA_USAGE = YES_ERROR;
				CLANG_WARN_DOCUMENTATION_COMMENTS = YES;
				CLANG_WARN_EMPTY_BODY = YES;
				CLANG_WARN_ENUM_CONVERSION = YES;
				CLANG_WARN_INFINITE_RECURSION = YES;
				CLANG_WARN_INT_CONVERSION = YES;
				CLANG_WARN_OBJC_ROOT_CLASS = YES_ERROR;
				CLANG_WARN_SUSPICIOUS_MOVE = YES;
				CLANG_WARN_UNREACHABLE_CODE = YES;
				CLANG_WARN__DUPLICATE_METHOD_MATCH = YES;
				"CODE_SIGN_IDENTITY[sdk=iphoneos*]" = "iPhone Developer";
				COPY_PHASE_STRIP = NO;
				DEBUG_INFORMATION_FORMAT = "dwarf-with-dsym";
				ENABLE_NS_ASSERTIONS = NO;
				ENABLE_STRICT_OBJC_MSGSEND = YES;
				GCC_C_LANGUAGE_STANDARD = gnu99;
				GCC_NO_COMMON_BLOCKS = YES;
				GCC_WARN_64_TO_32_BIT_CONVERSION = YES;
				GCC_WARN_ABOUT_RETURN_TYPE = YES_ERROR;
				GCC_WARN_UNDECLARED_SELECTOR = YES;
				GCC_WARN_UNINITIALIZED_AUTOS = YES_AGGRESSIVE;
				GCC_WARN_UNUSED_FUNCTION = YES;
				GCC_WARN_UNUSED_VARIABLE = YES;
				IPHONEOS_DEPLOYMENT_TARGET = 10.2;
				MTL_ENABLE_DEBUG_INFO = NO;
				SDKROOT = iphoneos;
				SWIFT_OPTIMIZATION_LEVEL = "-Owholemodule";
				VALIDATE_PRODUCT = YES;
			};
			name = Release;
		};
		51D0E9411E894D9A0034458F /* Debug */ = {
			isa = XCBuildConfiguration;
			buildSettings = {
				ASSETCATALOG_COMPILER_APPICON_NAME = AppIcon;
				DEVELOPMENT_TEAM = C583RN882K;
				INFOPLIST_FILE = MoodTrackingApp/Info.plist;
				LD_RUNPATH_SEARCH_PATHS = "$(inherited) @executable_path/Frameworks";
				PRODUCT_BUNDLE_IDENTIFIER = andrewjclark.MoodTrackingApp;
				PRODUCT_NAME = "$(TARGET_NAME)";
				SWIFT_VERSION = 3.0;
			};
			name = Debug;
		};
		51D0E9421E894D9A0034458F /* Release */ = {
			isa = XCBuildConfiguration;
			buildSettings = {
				ASSETCATALOG_COMPILER_APPICON_NAME = AppIcon;
				DEVELOPMENT_TEAM = C583RN882K;
				INFOPLIST_FILE = MoodTrackingApp/Info.plist;
				LD_RUNPATH_SEARCH_PATHS = "$(inherited) @executable_path/Frameworks";
				PRODUCT_BUNDLE_IDENTIFIER = andrewjclark.MoodTrackingApp;
				PRODUCT_NAME = "$(TARGET_NAME)";
				SWIFT_VERSION = 3.0;
			};
			name = Release;
		};
		51D0E9441E894D9A0034458F /* Debug */ = {
			isa = XCBuildConfiguration;
			buildSettings = {
				ALWAYS_EMBED_SWIFT_STANDARD_LIBRARIES = YES;
				BUNDLE_LOADER = "$(TEST_HOST)";
				DEVELOPMENT_TEAM = C583RN882K;
				INFOPLIST_FILE = MoodTrackingAppTests/Info.plist;
				LD_RUNPATH_SEARCH_PATHS = "$(inherited) @executable_path/Frameworks @loader_path/Frameworks";
				PRODUCT_BUNDLE_IDENTIFIER = andrewjclark.MoodTrackingAppTests;
				PRODUCT_NAME = "$(TARGET_NAME)";
				SWIFT_VERSION = 3.0;
				TEST_HOST = "$(BUILT_PRODUCTS_DIR)/MoodTrackingApp.app/MoodTrackingApp";
			};
			name = Debug;
		};
		51D0E9451E894D9A0034458F /* Release */ = {
			isa = XCBuildConfiguration;
			buildSettings = {
				ALWAYS_EMBED_SWIFT_STANDARD_LIBRARIES = YES;
				BUNDLE_LOADER = "$(TEST_HOST)";
				DEVELOPMENT_TEAM = C583RN882K;
				INFOPLIST_FILE = MoodTrackingAppTests/Info.plist;
				LD_RUNPATH_SEARCH_PATHS = "$(inherited) @executable_path/Frameworks @loader_path/Frameworks";
				PRODUCT_BUNDLE_IDENTIFIER = andrewjclark.MoodTrackingAppTests;
				PRODUCT_NAME = "$(TARGET_NAME)";
				SWIFT_VERSION = 3.0;
				TEST_HOST = "$(BUILT_PRODUCTS_DIR)/MoodTrackingApp.app/MoodTrackingApp";
			};
			name = Release;
		};
		51D0E9471E894D9A0034458F /* Debug */ = {
			isa = XCBuildConfiguration;
			buildSettings = {
				ALWAYS_EMBED_SWIFT_STANDARD_LIBRARIES = YES;
				DEVELOPMENT_TEAM = C583RN882K;
				INFOPLIST_FILE = MoodTrackingAppUITests/Info.plist;
				LD_RUNPATH_SEARCH_PATHS = "$(inherited) @executable_path/Frameworks @loader_path/Frameworks";
				PRODUCT_BUNDLE_IDENTIFIER = andrewjclark.MoodTrackingAppUITests;
				PRODUCT_NAME = "$(TARGET_NAME)";
				SWIFT_VERSION = 3.0;
				TEST_TARGET_NAME = MoodTrackingApp;
			};
			name = Debug;
		};
		51D0E9481E894D9A0034458F /* Release */ = {
			isa = XCBuildConfiguration;
			buildSettings = {
				ALWAYS_EMBED_SWIFT_STANDARD_LIBRARIES = YES;
				DEVELOPMENT_TEAM = C583RN882K;
				INFOPLIST_FILE = MoodTrackingAppUITests/Info.plist;
				LD_RUNPATH_SEARCH_PATHS = "$(inherited) @executable_path/Frameworks @loader_path/Frameworks";
				PRODUCT_BUNDLE_IDENTIFIER = andrewjclark.MoodTrackingAppUITests;
				PRODUCT_NAME = "$(TARGET_NAME)";
				SWIFT_VERSION = 3.0;
				TEST_TARGET_NAME = MoodTrackingApp;
			};
			name = Release;
		};
/* End XCBuildConfiguration section */

/* Begin XCConfigurationList section */
		51D0E9101E894D9A0034458F /* Build configuration list for PBXProject "MoodTrackingApp" */ = {
			isa = XCConfigurationList;
			buildConfigurations = (
				51D0E93E1E894D9A0034458F /* Debug */,
				51D0E93F1E894D9A0034458F /* Release */,
			);
			defaultConfigurationIsVisible = 0;
			defaultConfigurationName = Release;
		};
		51D0E9401E894D9A0034458F /* Build configuration list for PBXNativeTarget "MoodTrackingApp" */ = {
			isa = XCConfigurationList;
			buildConfigurations = (
				51D0E9411E894D9A0034458F /* Debug */,
				51D0E9421E894D9A0034458F /* Release */,
			);
			defaultConfigurationIsVisible = 0;
			defaultConfigurationName = Release;
		};
		51D0E9431E894D9A0034458F /* Build configuration list for PBXNativeTarget "MoodTrackingAppTests" */ = {
			isa = XCConfigurationList;
			buildConfigurations = (
				51D0E9441E894D9A0034458F /* Debug */,
				51D0E9451E894D9A0034458F /* Release */,
			);
			defaultConfigurationIsVisible = 0;
			defaultConfigurationName = Release;
		};
		51D0E9461E894D9A0034458F /* Build configuration list for PBXNativeTarget "MoodTrackingAppUITests" */ = {
			isa = XCConfigurationList;
			buildConfigurations = (
				51D0E9471E894D9A0034458F /* Debug */,
				51D0E9481E894D9A0034458F /* Release */,
			);
			defaultConfigurationIsVisible = 0;
			defaultConfigurationName = Release;
		};
/* End XCConfigurationList section */

/* Begin XCVersionGroup section */
		51D0E91F1E894D9A0034458F /* MoodTrackingApp.xcdatamodeld */ = {
			isa = XCVersionGroup;
			children = (
				51DE6E8B1E90194F00B9FA95 /* MoodTrackingApp 3.xcdatamodel */,
				51102EEA1E8EEAA900B3EFD3 /* MoodTrackingApp 2.xcdatamodel */,
				51D0E9201E894D9A0034458F /* MoodTrackingApp.xcdatamodel */,
			);
			currentVersion = 51DE6E8B1E90194F00B9FA95 /* MoodTrackingApp 3.xcdatamodel */;
			path = MoodTrackingApp.xcdatamodeld;
			sourceTree = "<group>";
			versionGroupType = wrapper.xcdatamodel;
		};
/* End XCVersionGroup section */
	};
	rootObject = 51D0E90D1E894D9A0034458F /* Project object */;
}
